# This file is automatically @generated by Cargo.
# It is not intended for manual editing.
version = 3

[[package]]
name = "askama_escape"
version = "0.10.3"
source = "registry+https://github.com/rust-lang/crates.io-index"
checksum = "619743e34b5ba4e9703bba34deac3427c72507c7159f5fd030aea8cac0cfe341"

[[package]]
name = "memchr"
version = "2.3.4"
source = "registry+https://github.com/rust-lang/crates.io-index"
checksum = "0ee1c47aaa256ecabcaea351eae4a9b01ef39ed810004e298d2511ed284b1525"

[[package]]
name = "minimal-lexical"
version = "0.2.1"
source = "registry+https://github.com/rust-lang/crates.io-index"
checksum = "68354c5c6bd36d73ff3feceb05efa59b6acb7626617f4962be322a825e61f79a"

[[package]]
name = "nom"
version = "7.1.1"
source = "registry+https://github.com/rust-lang/crates.io-index"
checksum = "a8903e5a29a317527874d0402f867152a3d21c908bb0b933e416c65e301d4c36"
dependencies = [
 "memchr",
 "minimal-lexical",
]

[[package]]
name = "proc-macro2"
version = "1.0.40"
source = "registry+https://github.com/rust-lang/crates.io-index"
checksum = "dd96a1e8ed2596c337f8eae5f24924ec83f5ad5ab21ea8e455d3566c69fbcaf7"
dependencies = [
 "unicode-ident",
]

[[package]]
name = "quote"
version = "1.0.20"
source = "registry+https://github.com/rust-lang/crates.io-index"
checksum = "3bcdf212e9776fbcb2d23ab029360416bb1706b1aea2d1a5ba002727cbcab804"
dependencies = [
 "proc-macro2",
]

[[package]]
name = "stack_dst"
version = "0.6.1"
source = "registry+https://github.com/rust-lang/crates.io-index"
checksum = "3da32d3178b2690b515008539f0215a5991bb82fad567bb520c2b1d9c4cc70da"

[[package]]
name = "stylish"
version = "0.1.0"
dependencies = [
 "stylish-ansi",
 "stylish-core",
 "stylish-html",
 "stylish-macros",
 "stylish-plain",
]

[[package]]
name = "stylish-ansi"
version = "0.1.0"
dependencies = [
 "stylish",
 "stylish-core",
]

[[package]]
name = "stylish-core"
version = "0.1.1"
dependencies = [
 "stack_dst",
 "stylish",
 "stylish-macros",
 "stylish-style",
 "with_builtin_macros",
]

[[package]]
name = "stylish-html"
version = "0.1.0"
dependencies = [
 "askama_escape",
 "stylish",
 "stylish-core",
]

[[package]]
name = "stylish-macros"
version = "0.1.1"
dependencies = [
 "nom",
 "proc-macro2",
 "quote",
 "stylish-style",
 "syn",
 "unicode-ident",
]

[[package]]
name = "stylish-plain"
version = "0.1.0"
dependencies = [
 "stylish",
 "stylish-core",
]

[[package]]
name = "stylish-style"
version = "0.1.0"
dependencies = [
 "stylish",
]

[[package]]
name = "syn"
version = "1.0.98"
source = "registry+https://github.com/rust-lang/crates.io-index"
checksum = "c50aef8a904de4c23c788f104b7dddc7d6f79c647c7c8ce4cc8f73eb0ca773dd"
dependencies = [
 "proc-macro2",
 "quote",
 "unicode-ident",
]

[[package]]
name = "unicode-ident"
version = "1.0.3"
source = "registry+https://github.com/rust-lang/crates.io-index"
checksum = "c4f5b37a154999a8f3f98cc23a628d850e154479cd94decf3414696e12e31aaf"

[[package]]
name = "with_builtin_macros"
version = "0.0.3"
source = "registry+https://github.com/rust-lang/crates.io-index"
checksum = "a59d55032495429b87f9d69954c6c8602e4d3f3e0a747a12dea6b0b23de685da"
dependencies = [
 "with_builtin_macros-proc_macros",
]

[[package]]
name = "with_builtin_macros-proc_macros"
version = "0.0.3"
source = "registry+https://github.com/rust-lang/crates.io-index"
checksum = "15bd7679c15e22924f53aee34d4e448c45b674feb6129689af88593e129f8f42"
dependencies = [
 "proc-macro2",
 "quote",
 "syn",
]
